{
  "lockfile_version": "1",
  "packages": {
    "elixir@1.16.3": {
      "last_modified": "2024-08-14T11:41:26Z",
      "resolved": "github:NixOS/nixpkgs/0cb2fd7c59fed0cd82ef858cbcbdb552b9a33465#elixir",
      "source": "devbox-search",
      "version": "1.16.3",
      "systems": {
        "aarch64-darwin": {
          "outputs": [
            {
              "name": "out",
              "path": "/nix/store/ghlw3rpzmj8bxc18wyahs50gyvpnkdzj-elixir-1.16.3",
              "default": true
            }
          ],
          "store_path": "/nix/store/ghlw3rpzmj8bxc18wyahs50gyvpnkdzj-elixir-1.16.3"
        },
        "aarch64-linux": {
          "outputs": [
            {
              "name": "out",
              "path": "/nix/store/p5g1if1midansszw4raiax21xk6vnivy-elixir-1.16.3",
              "default": true
            }
          ],
          "store_path": "/nix/store/p5g1if1midansszw4raiax21xk6vnivy-elixir-1.16.3"
        },
        "x86_64-darwin": {
          "outputs": [
            {
              "name": "out",
              "path": "/nix/store/h742v6c6gv8iafpqx84gyyxgw3r0f68v-elixir-1.16.3",
              "default": true
            }
          ],
          "store_path": "/nix/store/h742v6c6gv8iafpqx84gyyxgw3r0f68v-elixir-1.16.3"
        },
        "x86_64-linux": {
          "outputs": [
            {
              "name": "out",
              "path": "/nix/store/mxr48y86anc2p6lgvfd9l0qq1d4csz2h-elixir-1.16.3",
              "default": true
            }
          ],
          "store_path": "/nix/store/mxr48y86anc2p6lgvfd9l0qq1d4csz2h-elixir-1.16.3"
        }
      }
    }
  }
}
